
Microsoft Visual Studio Solution File, Format Version 11.00
# Visual Studio 2010
Project("{FAE04EC0-301F-11D3-BF4B-00C04F79EFBC}") = "Assembly-CSharp", "Assembly-CSharp.csproj", "{BA37064C-FB08-A7E0-66FF-F75572E4291F}"
EndProject
Project("{FAE04EC0-301F-11D3-BF4B-00C04F79EFBC}") = "Assembly-CSharp-Editor-firstpass", "Assembly-CSharp-Editor-firstpass.csproj", "{987EFFA8-32EA-9995-221A-ECB09F28602F}"
EndProject
Project("{FAE04EC0-301F-11D3-BF4B-00C04F79EFBC}") = "Assembly-CSharp-Editor", "Assembly-CSharp-Editor.csproj", "{100338EE-1382-9E11-A09C-58CE48359250}"
EndProject
Global
	GlobalSection(SolutionConfigurationPlatforms) = preSolution
		Debug|Any CPU = Debug|Any CPU
		Release|Any CPU = Release|Any CPU
	EndGlobalSection
	GlobalSection(ProjectConfigurationPlatforms) = postSolution
		{BA37064C-FB08-A7E0-66FF-F75572E4291F}.Debug|Any CPU.ActiveCfg = Debug|Any CPU
		{BA37064C-FB08-A7E0-66FF-F75572E4291F}.Debug|Any CPU.Build.0 = Debug|Any CPU
		{BA37064C-FB08-A7E0-66FF-F75572E4291F}.Release|Any CPU.ActiveCfg = Release|Any CPU
		{BA37064C-FB08-A7E0-66FF-F75572E4291F}.Release|Any CPU.Build.0 = Release|Any CPU
		{987EFFA8-32EA-9995-221A-ECB09F28602F}.Debug|Any CPU.ActiveCfg = Debug|Any CPU
		{987EFFA8-32EA-9995-221A-ECB09F28602F}.Debug|Any CPU.Build.0 = Debug|Any CPU
		{987EFFA8-32EA-9995-221A-ECB09F28602F}.Release|Any CPU.ActiveCfg = Release|Any CPU
		{987EFFA8-32EA-9995-221A-ECB09F28602F}.Release|Any CPU.Build.0 = Release|Any CPU
		{100338EE-1382-9E11-A09C-58CE48359250}.Debug|Any CPU.ActiveCfg = Debug|Any CPU
		{100338EE-1382-9E11-A09C-58CE48359250}.Debug|Any CPU.Build.0 = Debug|Any CPU
		{100338EE-1382-9E11-A09C-58CE48359250}.Release|Any CPU.ActiveCfg = Release|Any CPU
		{100338EE-1382-9E11-A09C-58CE48359250}.Release|Any CPU.Build.0 = Release|Any CPU
	EndGlobalSection
	GlobalSection(SolutionProperties) = preSolution
		HideSolutionNode = FALSE
	EndGlobalSection
EndGlobal
